
Microsoft Visual Studio Solution File, Format Version 12.00
# Visual Studio 15
VisualStudioVersion = 15.0.27825.0
MinimumVisualStudioVersion = 10.0.40219.1
Project("{FAE04EC0-301F-11D3-BF4B-00C04F79EFBC}") = "TPCWare.XF.NavigatorBug.Android", "TPCWare.XF.NavigatorBug\TPCWare.XF.NavigatorBug.Android\TPCWare.XF.NavigatorBug.Android.csproj", "{9799FA60-855A-441C-BAE9-79C4E3D7D37F}"
EndProject
Project("{FAE04EC0-301F-11D3-BF4B-00C04F79EFBC}") = "TPCWare.XF.NavigatorBug.iOS", "TPCWare.XF.NavigatorBug\TPCWare.XF.NavigatorBug.iOS\TPCWare.XF.NavigatorBug.iOS.csproj", "{C26F944E-CD47-4EB3-A0C3-B4BA9BA719EC}"
EndProject
Project("{FAE04EC0-301F-11D3-BF4B-00C04F79EFBC}") = "TPCWare.XF.NavigatorBug", "TPCWare.XF.NavigatorBug\TPCWare.XF.NavigatorBug\TPCWare.XF.NavigatorBug.csproj", "{7D257031-DA6B-4FDF-862A-6AF07F981AE7}"
EndProject
Global
	GlobalSection(SolutionConfigurationPlatforms) = preSolution
		Ad-Hoc|Any CPU = Ad-Hoc|Any CPU
		Ad-Hoc|iPhone = Ad-Hoc|iPhone
		Ad-Hoc|iPhoneSimulator = Ad-Hoc|iPhoneSimulator
		AppStore|Any CPU = AppStore|Any CPU
		AppStore|iPhone = AppStore|iPhone
		AppStore|iPhoneSimulator = AppStore|iPhoneSimulator
		Debug|Any CPU = Debug|Any CPU
		Debug|iPhone = Debug|iPhone
		Debug|iPhoneSimulator = Debug|iPhoneSimulator
		Release|Any CPU = Release|Any CPU
		Release|iPhone = Release|iPhone
		Release|iPhoneSimulator = Release|iPhoneSimulator
	EndGlobalSection
	GlobalSection(ProjectConfigurationPlatforms) = postSolution
		{9799FA60-855A-441C-BAE9-79C4E3D7D37F}.Ad-Hoc|Any CPU.ActiveCfg = Release|Any CPU
		{9799FA60-855A-441C-BAE9-79C4E3D7D37F}.Ad-Hoc|Any CPU.Build.0 = Release|Any CPU
		{9799FA60-855A-441C-BAE9-79C4E3D7D37F}.Ad-Hoc|Any CPU.Deploy.0 = Release|Any CPU
		{9799FA60-855A-441C-BAE9-79C4E3D7D37F}.Ad-Hoc|iPhone.ActiveCfg = Release|Any CPU
		{9799FA60-855A-441C-BAE9-79C4E3D7D37F}.Ad-Hoc|iPhone.Build.0 = Release|Any CPU
		{9799FA60-855A-441C-BAE9-79C4E3D7D37F}.Ad-Hoc|iPhone.Deploy.0 = Release|Any CPU
		{9799FA60-855A-441C-BAE9-79C4E3D7D37F}.Ad-Hoc|iPhoneSimulator.ActiveCfg = Release|Any CPU
		{9799FA60-855A-441C-BAE9-79C4E3D7D37F}.Ad-Hoc|iPhoneSimulator.Build.0 = Release|Any CPU
		{9799FA60-855A-441C-BAE9-79C4E3D7D37F}.Ad-Hoc|iPhoneSimulator.Deploy.0 = Release|Any CPU
		{9799FA60-855A-441C-BAE9-79C4E3D7D37F}.AppStore|Any CPU.ActiveCfg = Release|Any CPU
		{9799FA60-855A-441C-BAE9-79C4E3D7D37F}.AppStore|Any CPU.Build.0 = Release|Any CPU
		{9799FA60-855A-441C-BAE9-79C4E3D7D37F}.AppStore|Any CPU.Deploy.0 = Release|Any CPU
		{9799FA60-855A-441C-BAE9-79C4E3D7D37F}.AppStore|iPhone.ActiveCfg = Release|Any CPU
		{9799FA60-855A-441C-BAE9-79C4E3D7D37F}.AppStore|iPhone.Build.0 = Release|Any CPU
		{9799FA60-855A-441C-BAE9-79C4E3D7D37F}.AppStore|iPhone.Deploy.0 = Release|Any CPU
		{9799FA60-855A-441C-BAE9-79C4E3D7D37F}.AppStore|iPhoneSimulator.ActiveCfg = Release|Any CPU
		{9799FA60-855A-441C-BAE9-79C4E3D7D37F}.AppStore|iPhoneSimulator.Build.0 = Release|Any CPU
		{9799FA60-855A-441C-BAE9-79C4E3D7D37F}.AppStore|iPhoneSimulator.Deploy.0 = Release|Any CPU
		{9799FA60-855A-441C-BAE9-79C4E3D7D37F}.Debug|Any CPU.ActiveCfg = Debug|Any CPU
		{9799FA60-855A-441C-BAE9-79C4E3D7D37F}.Debug|Any CPU.Build.0 = Debug|Any CPU
		{9799FA60-855A-441C-BAE9-79C4E3D7D37F}.Debug|Any CPU.Deploy.0 = Debug|Any CPU
		{9799FA60-855A-441C-BAE9-79C4E3D7D37F}.Debug|iPhone.ActiveCfg = Debug|Any CPU
		{9799FA60-855A-441C-BAE9-79C4E3D7D37F}.Debug|iPhone.Build.0 = Debug|Any CPU
		{9799FA60-855A-441C-BAE9-79C4E3D7D37F}.Debug|iPhone.Deploy.0 = Debug|Any CPU
		{9799FA60-855A-441C-BAE9-79C4E3D7D37F}.Debug|iPhoneSimulator.ActiveCfg = Debug|Any CPU
		{9799FA60-855A-441C-BAE9-79C4E3D7D37F}.Debug|iPhoneSimulator.Build.0 = Debug|Any CPU
		{9799FA60-855A-441C-BAE9-79C4E3D7D37F}.Debug|iPhoneSimulator.Deploy.0 = Debug|Any CPU
		{9799FA60-855A-441C-BAE9-79C4E3D7D37F}.Release|Any CPU.ActiveCfg = Release|Any CPU
		{9799FA60-855A-441C-BAE9-79C4E3D7D37F}.Release|Any CPU.Build.0 = Release|Any CPU
		{9799FA60-855A-441C-BAE9-79C4E3D7D37F}.Release|Any CPU.Deploy.0 = Release|Any CPU
		{9799FA60-855A-441C-BAE9-79C4E3D7D37F}.Release|iPhone.ActiveCfg = Release|Any CPU
		{9799FA60-855A-441C-BAE9-79C4E3D7D37F}.Release|iPhone.Build.0 = Release|Any CPU
		{9799FA60-855A-441C-BAE9-79C4E3D7D37F}.Release|iPhone.Deploy.0 = Release|Any CPU
		{9799FA60-855A-441C-BAE9-79C4E3D7D37F}.Release|iPhoneSimulator.ActiveCfg = Release|Any CPU
		{9799FA60-855A-441C-BAE9-79C4E3D7D37F}.Release|iPhoneSimulator.Build.0 = Release|Any CPU
		{9799FA60-855A-441C-BAE9-79C4E3D7D37F}.Release|iPhoneSimulator.Deploy.0 = Release|Any CPU
		{C26F944E-CD47-4EB3-A0C3-B4BA9BA719EC}.Ad-Hoc|Any CPU.ActiveCfg = Ad-Hoc|iPhone
		{C26F944E-CD47-4EB3-A0C3-B4BA9BA719EC}.Ad-Hoc|Any CPU.Build.0 = Ad-Hoc|iPhone
		{C26F944E-CD47-4EB3-A0C3-B4BA9BA719EC}.Ad-Hoc|Any CPU.Deploy.0 = Ad-Hoc|iPhone
		{C26F944E-CD47-4EB3-A0C3-B4BA9BA719EC}.Ad-Hoc|iPhone.ActiveCfg = Ad-Hoc|iPhone
		{C26F944E-CD47-4EB3-A0C3-B4BA9BA719EC}.Ad-Hoc|iPhone.Build.0 = Ad-Hoc|iPhone
		{C26F944E-CD47-4EB3-A0C3-B4BA9BA719EC}.Ad-Hoc|iPhone.Deploy.0 = Ad-Hoc|iPhone
		{C26F944E-CD47-4EB3-A0C3-B4BA9BA719EC}.Ad-Hoc|iPhoneSimulator.ActiveCfg = Ad-Hoc|iPhoneSimulator
		{C26F944E-CD47-4EB3-A0C3-B4BA9BA719EC}.Ad-Hoc|iPhoneSimulator.Build.0 = Ad-Hoc|iPhoneSimulator
		{C26F944E-CD47-4EB3-A0C3-B4BA9BA719EC}.Ad-Hoc|iPhoneSimulator.Deploy.0 = Ad-Hoc|iPhoneSimulator
		{C26F944E-CD47-4EB3-A0C3-B4BA9BA719EC}.AppStore|Any CPU.ActiveCfg = AppStore|iPhone
		{C26F944E-CD47-4EB3-A0C3-B4BA9BA719EC}.AppStore|Any CPU.Build.0 = AppStore|iPhone
		{C26F944E-CD47-4EB3-A0C3-B4BA9BA719EC}.AppStore|Any CPU.Deploy.0 = AppStore|iPhone
		{C26F944E-CD47-4EB3-A0C3-B4BA9BA719EC}.AppStore|iPhone.ActiveCfg = AppStore|iPhone
		{C26F944E-CD47-4EB3-A0C3-B4BA9BA719EC}.AppStore|iPhone.Build.0 = AppStore|iPhone
		{C26F944E-CD47-4EB3-A0C3-B4BA9BA719EC}.AppStore|iPhone.Deploy.0 = AppStore|iPhone
		{C26F944E-CD47-4EB3-A0C3-B4BA9BA719EC}.AppStore|iPhoneSimulator.ActiveCfg = AppStore|iPhoneSimulator
		{C26F944E-CD47-4EB3-A0C3-B4BA9BA719EC}.AppStore|iPhoneSimulator.Build.0 = AppStore|iPhoneSimulator
		{C26F944E-CD47-4EB3-A0C3-B4BA9BA719EC}.AppStore|iPhoneSimulator.Deploy.0 = AppStore|iPhoneSimulator
		{C26F944E-CD47-4EB3-A0C3-B4BA9BA719EC}.Debug|Any CPU.ActiveCfg = Debug|iPhoneSimulator
		{C26F944E-CD47-4EB3-A0C3-B4BA9BA719EC}.Debug|Any CPU.Build.0 = Debug|iPhoneSimulator
		{C26F944E-CD47-4EB3-A0C3-B4BA9BA719EC}.Debug|Any CPU.Deploy.0 = Debug|iPhoneSimulator
		{C26F944E-CD47-4EB3-A0C3-B4BA9BA719EC}.Debug|iPhone.ActiveCfg = Debug|iPhone
		{C26F944E-CD47-4EB3-A0C3-B4BA9BA719EC}.Debug|iPhone.Build.0 = Debug|iPhone
		{C26F944E-CD47-4EB3-A0C3-B4BA9BA719EC}.Debug|iPhone.Deploy.0 = Debug|iPhone
		{C26F944E-CD47-4EB3-A0C3-B4BA9BA719EC}.Debug|iPhoneSimulator.ActiveCfg = Debug|iPhoneSimulator
		{C26F944E-CD47-4EB3-A0C3-B4BA9BA719EC}.Debug|iPhoneSimulator.Build.0 = Debug|iPhoneSimulator
		{C26F944E-CD47-4EB3-A0C3-B4BA9BA719EC}.Debug|iPhoneSimulator.Deploy.0 = Debug|iPhoneSimulator
		{C26F944E-CD47-4EB3-A0C3-B4BA9BA719EC}.Release|Any CPU.ActiveCfg = Release|iPhone
		{C26F944E-CD47-4EB3-A0C3-B4BA9BA719EC}.Release|Any CPU.Build.0 = Release|iPhone
		{C26F944E-CD47-4EB3-A0C3-B4BA9BA719EC}.Release|Any CPU.Deploy.0 = Release|iPhone
		{C26F944E-CD47-4EB3-A0C3-B4BA9BA719EC}.Release|iPhone.ActiveCfg = Release|iPhone
		{C26F944E-CD47-4EB3-A0C3-B4BA9BA719EC}.Release|iPhone.Build.0 = Release|iPhone
		{C26F944E-CD47-4EB3-A0C3-B4BA9BA719EC}.Release|iPhone.Deploy.0 = Release|iPhone
		{C26F944E-CD47-4EB3-A0C3-B4BA9BA719EC}.Release|iPhoneSimulator.ActiveCfg = Release|iPhoneSimulator
		{C26F944E-CD47-4EB3-A0C3-B4BA9BA719EC}.Release|iPhoneSimulator.Build.0 = Release|iPhoneSimulator
		{C26F944E-CD47-4EB3-A0C3-B4BA9BA719EC}.Release|iPhoneSimulator.Deploy.0 = Release|iPhoneSimulator
		{7D257031-DA6B-4FDF-862A-6AF07F981AE7}.Ad-Hoc|Any CPU.ActiveCfg = Debug|Any CPU
		{7D257031-DA6B-4FDF-862A-6AF07F981AE7}.Ad-Hoc|Any CPU.Build.0 = Debug|Any CPU
		{7D257031-DA6B-4FDF-862A-6AF07F981AE7}.Ad-Hoc|Any CPU.Deploy.0 = Debug|Any CPU
		{7D257031-DA6B-4FDF-862A-6AF07F981AE7}.Ad-Hoc|iPhone.ActiveCfg = Debug|Any CPU
		{7D257031-DA6B-4FDF-862A-6AF07F981AE7}.Ad-Hoc|iPhone.Build.0 = Debug|Any CPU
		{7D257031-DA6B-4FDF-862A-6AF07F981AE7}.Ad-Hoc|iPhone.Deploy.0 = Debug|Any CPU
		{7D257031-DA6B-4FDF-862A-6AF07F981AE7}.Ad-Hoc|iPhoneSimulator.ActiveCfg = Debug|Any CPU
		{7D257031-DA6B-4FDF-862A-6AF07F981AE7}.Ad-Hoc|iPhoneSimulator.Build.0 = Debug|Any CPU
		{7D257031-DA6B-4FDF-862A-6AF07F981AE7}.Ad-Hoc|iPhoneSimulator.Deploy.0 = Debug|Any CPU
		{7D257031-DA6B-4FDF-862A-6AF07F981AE7}.AppStore|Any CPU.ActiveCfg = Debug|Any CPU
		{7D257031-DA6B-4FDF-862A-6AF07F981AE7}.AppStore|Any CPU.Build.0 = Debug|Any CPU
		{7D257031-DA6B-4FDF-862A-6AF07F981AE7}.AppStore|Any CPU.Deploy.0 = Debug|Any CPU
		{7D257031-DA6B-4FDF-862A-6AF07F981AE7}.AppStore|iPhone.ActiveCfg = Debug|Any CPU
		{7D257031-DA6B-4FDF-862A-6AF07F981AE7}.AppStore|iPhone.Build.0 = Debug|Any CPU
		{7D257031-DA6B-4FDF-862A-6AF07F981AE7}.AppStore|iPhone.Deploy.0 = Debug|Any CPU
		{7D257031-DA6B-4FDF-862A-6AF07F981AE7}.AppStore|iPhoneSimulator.ActiveCfg = Debug|Any CPU
		{7D257031-DA6B-4FDF-862A-6AF07F981AE7}.AppStore|iPhoneSimulator.Build.0 = Debug|Any CPU
		{7D257031-DA6B-4FDF-862A-6AF07F981AE7}.AppStore|iPhoneSimulator.Deploy.0 = Debug|Any CPU
		{7D257031-DA6B-4FDF-862A-6AF07F981AE7}.Debug|Any CPU.ActiveCfg = Debug|Any CPU
		{7D257031-DA6B-4FDF-862A-6AF07F981AE7}.Debug|Any CPU.Build.0 = Debug|Any CPU
		{7D257031-DA6B-4FDF-862A-6AF07F981AE7}.Debug|Any CPU.Deploy.0 = Debug|Any CPU
		{7D257031-DA6B-4FDF-862A-6AF07F981AE7}.Debug|iPhone.ActiveCfg = Debug|Any CPU
		{7D257031-DA6B-4FDF-862A-6AF07F981AE7}.Debug|iPhone.Build.0 = Debug|Any CPU
		{7D257031-DA6B-4FDF-862A-6AF07F981AE7}.Debug|iPhone.Deploy.0 = Debug|Any CPU
		{7D257031-DA6B-4FDF-862A-6AF07F981AE7}.Debug|iPhoneSimulator.ActiveCfg = Debug|Any CPU
		{7D257031-DA6B-4FDF-862A-6AF07F981AE7}.Debug|iPhoneSimulator.Build.0 = Debug|Any CPU
		{7D257031-DA6B-4FDF-862A-6AF07F981AE7}.Debug|iPhoneSimulator.Deploy.0 = Debug|Any CPU
		{7D257031-DA6B-4FDF-862A-6AF07F981AE7}.Release|Any CPU.ActiveCfg = Release|Any CPU
		{7D257031-DA6B-4FDF-862A-6AF07F981AE7}.Release|Any CPU.Build.0 = Release|Any CPU
		{7D257031-DA6B-4FDF-862A-6AF07F981AE7}.Release|Any CPU.Deploy.0 = Release|Any CPU
		{7D257031-DA6B-4FDF-862A-6AF07F981AE7}.Release|iPhone.ActiveCfg = Release|Any CPU
		{7D257031-DA6B-4FDF-862A-6AF07F981AE7}.Release|iPhone.Build.0 = Release|Any CPU
		{7D257031-DA6B-4FDF-862A-6AF07F981AE7}.Release|iPhone.Deploy.0 = Release|Any CPU
		{7D257031-DA6B-4FDF-862A-6AF07F981AE7}.Release|iPhoneSimulator.ActiveCfg = Release|Any CPU
		{7D257031-DA6B-4FDF-862A-6AF07F981AE7}.Release|iPhoneSimulator.Build.0 = Release|Any CPU
		{7D257031-DA6B-4FDF-862A-6AF07F981AE7}.Release|iPhoneSimulator.Deploy.0 = Release|Any CPU
	EndGlobalSection
	GlobalSection(SolutionProperties) = preSolution
		HideSolutionNode = FALSE
	EndGlobalSection
	GlobalSection(ExtensibilityGlobals) = postSolution
		SolutionGuid = {17CA613E-BA41-4F4A-80A7-DA0DF5C5ABD2}
	EndGlobalSection
EndGlobal
